{
  "name": "@dylan/engines",
  "version": "0.1.0",
  "lockfileVersion": 1,
  "requires": true,
  "dependencies": {
    "callsites": {
      "version": "3.0.0",
      "resolved": "https://registry.npmjs.org/callsites/-/callsites-3.0.0.tgz",
      "integrity": "sha512-tWnkwu9YEq2uzlBDI4RcLn8jrFvF9AOi8PxDNU3hZZjJcjkcRAq3vCI+vZcg1SuxISDYe86k9VZFwAxDiJGoAw=="
    }
  }
}
